{
  "requires": true,
  "lockfileVersion": 1,
  "dependencies": {
    "ascii-text-generator": {
      "version": "1.0.5",
      "resolved": "https://registry.npmjs.org/ascii-text-generator/-/ascii-text-generator-1.0.5.tgz",
      "integrity": "sha512-7v4OVcL5j42unrXsIPfgwwmsSBgocDaNwlVo1J0dvnYQvuCbM+XuefoApq405iBtp/Xc1t1dxETqh9uiiaFUjA=="
    },
    "readline-sync": {
      "version": "1.4.10",
      "resolved": "https://registry.npmjs.org/readline-sync/-/readline-sync-1.4.10.tgz",
      "integrity": "sha512-gNva8/6UAe8QYepIQH/jQ2qn91Qj0B9sYjMBBs3QOB8F2CXcKgLxQaJRP76sWVRQt+QU+8fAkCbCvjjMFu7Ycw=="
    }
  }
}
